PODS:
  - LoremIpsum (1.0.0)
  - SlackTextViewController (1.9.5)

DEPENDENCIES:
  - LoremIpsum (~> 1.0)
  - SlackTextViewController (from `../SlackTextViewController.podspec`)

EXTERNAL SOURCES:
  SlackTextViewController:
    :path: ../SlackTextViewController.podspec

SPEC CHECKSUMS:
  LoremIpsum: 9029c55d36501b2ee0b05cc9ecda11d3a0479160
  SlackTextViewController: fbcdadbb8090673f604484ff5b6eb8d77baed42a

PODFILE CHECKSUM: 9524e0b7239ed0d168ffbe3ac4c0d867dae486a6

COCOAPODS: 1.2.1
